{
  "version": 4,
  "terraform_version": "1.2.8",
  "serial": 4,
  "lineage": "aa2f7e7e-c5b4-aac4-c320-9a11951a8828",
  "outputs": {
    "name1": {
      "value": 108,
      "type": "number"
    }
  },
  "resources": [
    {
      "mode": "managed",
      "type": "random_integer",
      "name": "rint",
      "provider": "provider[\"registry.terraform.io/hashicorp/random\"]",
      "instances": [
        {
          "schema_version": 0,
          "attributes": {
            "id": "108",
            "keepers": null,
            "max": 120,
            "min": 80,
            "result": 108,
            "seed": null
          },
          "sensitive_attributes": []
        }
      ]
    }
  ]
}
